
Microsoft Visual Studio Solution File, Format Version 12.00
# Visual Studio Version 17
VisualStudioVersion = 17.11.35312.102
MinimumVisualStudioVersion = 10.0.40219.1
Project("{FAE04EC0-301F-11D3-BF4B-00C04F79EFBC}") = "Game", "Game\Game.csproj", "{6DEC7E6E-AB67-483A-BC63-00DDF7C2DD6F}"
EndProject
Global
	GlobalSection(SolutionConfigurationPlatforms) = preSolution
		Debug|Any CPU = Debug|Any CPU
		Release|Any CPU = Release|Any CPU
	EndGlobalSection
	GlobalSection(ProjectConfigurationPlatforms) = postSolution
		{6DEC7E6E-AB67-483A-BC63-00DDF7C2DD6F}.Debug|Any CPU.ActiveCfg = Debug|Any CPU
		{6DEC7E6E-AB67-483A-BC63-00DDF7C2DD6F}.Debug|Any CPU.Build.0 = Debug|Any CPU
		{6DEC7E6E-AB67-483A-BC63-00DDF7C2DD6F}.Release|Any CPU.ActiveCfg = Release|Any CPU
		{6DEC7E6E-AB67-483A-BC63-00DDF7C2DD6F}.Release|Any CPU.Build.0 = Release|Any CPU
	EndGlobalSection
	GlobalSection(SolutionProperties) = preSolution
		HideSolutionNode = FALSE
	EndGlobalSection
	GlobalSection(ExtensibilityGlobals) = postSolution
		SolutionGuid = {41FADDA7-7FFE-46CC-9322-E5E5D53066A6}
	EndGlobalSection
EndGlobal
